Microsoft Visual Studio Solution File, Format Version 12.00
# Visual Studio Version 18
VisualStudioVersion = 18.0.11205.157
MinimumVisualStudioVersion = 10.0.40219.1
Project("{FAE04EC0-301F-11D3-BF4B-00C04F79EFBC}") = "Noturnal.Loader", "Noturnal-Loader\Noturnal.Loader.csproj", "{8F52D9A8-1E4A-4F51-9C6B-12C0B2A4F4E3}"
EndProject
Project("{8BC9CEB8-8B4A-11D0-8D11-00A0C91BC942}") = "NoturnalNative", "NoturnalNative\NoturnalNative.vcxproj", "{A2F6B123-9E7B-4B0E-8E5E-2A71D9D5A3C1}"
EndProject
Project("{8BC9CEB8-8B4A-11D0-8D11-00A0C91BC942}") = "Noturnal-usermode", "Noturnal-UM\Noturnal.vcxproj", "{36F8A44D-D629-4E53-BECA-698B2C64A529}"
EndProject
Project("{8BC9CEB8-8B4A-11D0-8D11-00A0C91BC942}") = "Noturnal_KERNEL", "Noturnal-KM\Noturnal_KERNEL.vcxproj", "{518E0636-BA8F-459D-ACAC-81BD33475E3E}"

EndProject
Global
	GlobalSection(SolutionConfigurationPlatforms) = preSolution
		Debug|Any CPU = Debug|Any CPU
		Debug|x64 = Debug|x64
		Release|Any CPU = Release|Any CPU
		Release|x64 = Release|x64
	EndGlobalSection
	GlobalSection(ProjectConfigurationPlatforms) = postSolution
		{8F52D9A8-1E4A-4F51-9C6B-12C0B2A4F4E3}.Debug|Any CPU.ActiveCfg = Debug|Any CPU
		{8F52D9A8-1E4A-4F51-9C6B-12C0B2A4F4E3}.Debug|Any CPU.Build.0 = Debug|Any CPU
		{8F52D9A8-1E4A-4F51-9C6B-12C0B2A4F4E3}.Debug|x64.ActiveCfg = Debug|Any CPU
		{8F52D9A8-1E4A-4F51-9C6B-12C0B2A4F4E3}.Release|Any CPU.ActiveCfg = Release|Any CPU
		{8F52D9A8-1E4A-4F51-9C6B-12C0B2A4F4E3}.Release|Any CPU.Build.0 = Release|Any CPU
		{8F52D9A8-1E4A-4F51-9C6B-12C0B2A4F4E3}.Release|x64.ActiveCfg = Release|Any CPU
		{A2F6B123-9E7B-4B0E-8E5E-2A71D9D5A3C1}.Debug|Any CPU.ActiveCfg = Debug|x64
		{A2F6B123-9E7B-4B0E-8E5E-2A71D9D5A3C1}.Debug|Any CPU.Build.0 = Debug|x64
		{A2F6B123-9E7B-4B0E-8E5E-2A71D9D5A3C1}.Debug|x64.ActiveCfg = Debug|x64
		{A2F6B123-9E7B-4B0E-8E5E-2A71D9D5A3C1}.Debug|x64.Build.0 = Debug|x64
		{A2F6B123-9E7B-4B0E-8E5E-2A71D9D5A3C1}.Release|Any CPU.ActiveCfg = Release|x64
		{A2F6B123-9E7B-4B0E-8E5E-2A71D9D5A3C1}.Release|Any CPU.Build.0 = Release|x64
		{A2F6B123-9E7B-4B0E-8E5E-2A71D9D5A3C1}.Release|x64.ActiveCfg = Release|x64
		{A2F6B123-9E7B-4B0E-8E5E-2A71D9D5A3C1}.Release|x64.Build.0 = Release|x64
		{36F8A44D-D629-4E53-BECA-698B2C64A529}.Debug|Any CPU.ActiveCfg = Debug|x64
		{36F8A44D-D629-4E53-BECA-698B2C64A529}.Debug|Any CPU.Build.0 = Debug|x64
		{36F8A44D-D629-4E53-BECA-698B2C64A529}.Debug|x64.ActiveCfg = Debug|x64
		{36F8A44D-D629-4E53-BECA-698B2C64A529}.Debug|x64.Build.0 = Debug|x64
		{36F8A44D-D629-4E53-BECA-698B2C64A529}.Release|Any CPU.ActiveCfg = Release|x64
		{36F8A44D-D629-4E53-BECA-698B2C64A529}.Release|Any CPU.Build.0 = Release|x64
		{36F8A44D-D629-4E53-BECA-698B2C64A529}.Release|x64.ActiveCfg = Release|x64
		{36F8A44D-D629-4E53-BECA-698B2C64A529}.Release|x64.Build.0 = Release|x64
		{518E0636-BA8F-459D-ACAC-81BD33475E3E}.Debug|Any CPU.ActiveCfg = Debug|x64
		{518E0636-BA8F-459D-ACAC-81BD33475E3E}.Debug|Any CPU.Build.0 = Debug|x64
		{518E0636-BA8F-459D-ACAC-81BD33475E3E}.Debug|x64.ActiveCfg = Debug|x64
		{518E0636-BA8F-459D-ACAC-81BD33475E3E}.Debug|x64.Build.0 = Debug|x64
		{518E0636-BA8F-459D-ACAC-81BD33475E3E}.Release|Any CPU.ActiveCfg = Release|x64
		{518E0636-BA8F-459D-ACAC-81BD33475E3E}.Release|Any CPU.Build.0 = Release|x64
		{518E0636-BA8F-459D-ACAC-81BD33475E3E}.Release|x64.ActiveCfg = Release|x64
		{518E0636-BA8F-459D-ACAC-81BD33475E3E}.Release|x64.Build.0 = Release|x64
	EndGlobalSection
	GlobalSection(SolutionProperties) = preSolution
		HideSolutionNode = FALSE
	EndGlobalSection
	GlobalSection(ExtensibilityGlobals) = postSolution
		SolutionGuid = {5913B764-8232-46B3-984D-D542BA51B4C2}
	EndGlobalSection
EndGlobal
